{
  "version": 4,
  "terraform_version": "1.3.4",
  "serial": 14,
  "lineage": "01dae44a-bc77-abcf-0640-a0ea91e415fe",
  "outputs": {},
  "resources": [
    {
      "mode": "managed",
      "type": "digitalocean_vpc",
      "name": "web_vpc",
      "provider": "provider[\"registry.terraform.io/digitalocean/digitalocean\"]",
      "instances": [
        {
          "schema_version": 0,
          "attributes": {
            "created_at": "2022-11-04 08:52:53 +0000 UTC",
            "default": true,
            "description": "",
            "id": "97c0d95b-94dc-4faa-a0a3-ae61ee00db2a",
            "ip_range": "10.124.0.0/20",
            "name": "web",
            "region": "sfo3",
            "timeouts": null,
            "urn": "do:vpc:97c0d95b-94dc-4faa-a0a3-ae61ee00db2a"
          },
          "sensitive_attributes": [],
          "private": "eyJlMmJmYjczMC1lY2FhLTExZTYtOGY4OC0zNDM2M2JjN2M0YzAiOnsiZGVsZXRlIjoxMjAwMDAwMDAwMDB9fQ=="
        }
      ]
    }
  ],
  "check_results": null
}
